Microsoft Visual Studio Solution File, Format Version 12.00
# Visual Studio Version 17
MinimumVisualStudioVersion = 10.0.40219.1
Project("{02fe8045-bbb8-4621-93a2-dc314e0061f6}") = "Assembler.GH", "Assembler.GH\Assembler.GH.csproj", "{bec936b5-7b28-45e4-aa43-f22d2d47f997}"
EndProject

Global
	GlobalSection(SolutionConfigurationPlatforms) = preSolution
		Debug|Any CPU = Debug|Any CPU
		Release|Any CPU = Release|Any CPU
	EndGlobalSection
	GlobalSection(ProjectConfigurationPlatforms) = postSolution
		{bec936b5-7b28-45e4-aa43-f22d2d47f997}.Debug|Any CPU.Build.0 = Debug|Any CPU
{bec936b5-7b28-45e4-aa43-f22d2d47f997}.Release|Any CPU.Build.0 = Release|Any CPU

	EndGlobalSection
EndGlobal
